{
  "name": "app",
  "version": "1.0.0",
  "lockfileVersion": 1,
  "requires": true,
  "dependencies": {
    "win-node-env": {
      "version": "0.4.0",
      "resolved": "https://registry.npmjs.org/win-node-env/-/win-node-env-0.4.0.tgz",
      "integrity": "sha512-bf4TV/NOBEazlHJW/bOns7u2JaHe3f5bz8BYanm/xuqJ405NG9OK3VAI1Y2WvHJsAo4GMU8EYTHSh59Q3UfHvA==",
      "dev": true
    }
  }
}
